// !$*UTF8*$!
{
	archiveVersion = 1;
	classes = {
	};
	objectVersion = 46;
	objects = {

/* Begin PBXBuildFile section */
		C16242421BF23D89002EDAFF /* main.m in Sources */ = {isa = PBXBuildFile; fileRef = C16242411BF23D89002EDAFF /* main.m */; };
		C16242451BF23D89002EDAFF /* AppDelegate.m in Sources */ = {isa = PBXBuildFile; fileRef = C16242441BF23D89002EDAFF /* AppDelegate.m */; };
		C16242481BF23D89002EDAFF /* ViewController.m in Sources */ = {isa = PBXBuildFile; fileRef = C16242471BF23D89002EDAFF /* ViewController.m */; };
		C162424B1BF23D89002EDAFF /* Main.storyboard in Resources */ = {isa = PBXBuildFile; fileRef = C16242491BF23D89002EDAFF /* Main.storyboard */; };
		C162424D1BF23D89002EDAFF /* Assets.xcassets in Resources */ = {isa = PBXBuildFile; fileRef = C162424C1BF23D89002EDAFF /* Assets.xcassets */; };
		C16242501BF23D89002EDAFF /* LaunchScreen.storyboard in Resources */ = {isa = PBXBuildFile; fileRef = C162424E1BF23D89002EDAFF /* LaunchScreen.storyboard */; };
/* End PBXBuildFile section */

/* Begin PBXFileReference section */
		C162423D1BF23D89002EDAFF /* 1.app */ = {isa = PBXFileReference; explicitFileType = wrapper.application; includeInIndex = 0; path = 1.app; sourceTree = BUILT_PRODUCTS_DIR; };
		C16242411BF23D89002EDAFF /* main.m */ = {isa = PBXFileReference; lastKnownFileType = sourcecode.c.objc; path = main.m; sourceTree = "<group>"; };
		C16242431BF23D89002EDAFF /* AppDelegate.h */ = {isa = PBXFileReference; lastKnownFileType = sourcecode.c.h; path = AppDelegate.h; sourceTree = "<group>"; };
		C16242441BF23D89002EDAFF /* AppDelegate.m */ = {isa = PBXFileReference; lastKnownFileType = sourcecode.c.objc; path = AppDelegate.m; sourceTree = "<group>"; };
		C16242461BF23D89002EDAFF /* ViewController.h */ = {isa = PBXFileReference; lastKnownFileType = sourcecode.c.h; path = ViewController.h; sourceTree = "<group>"; };
		C16242471BF23D89002EDAFF /* ViewController.m */ = {isa = PBXFileReference; lastKnownFileType = sourcecode.c.objc; path = ViewController.m; sourceTree = "<group>"; };
		C162424A1BF23D89002EDAFF /* Base */ = {isa = PBXFileReference; lastKnownFileType = file.storyboard; name = Base; path = Base.lproj/Main.storyboard; sourceTree = "<group>"; };
		C162424C1BF23D89002EDAFF /* Assets.xcassets */ = {isa = PBXFileReference; lastKnownFileType = folder.assetcatalog; path = Assets.xcassets; sourceTree = "<group>"; };
		C162424F1BF23D89002EDAFF /* Base */ = {isa = PBXFileReference; lastKnownFileType = file.storyboard; name = Base; path = Base.lproj/LaunchScreen.storyboard; sourceTree = "<group>"; };
		C16242511BF23D89002EDAFF /* Info.plist */ = {isa = PBXFileReference; lastKnownFileType = text.plist.xml; path = Info.plist; sourceTree = "<group>"; };
/* End PBXFileReference section */

/* Begin PBXFrameworksBuildPhase section */
		C162423A1BF23D89002EDAFF /* Frameworks */ = {
			isa = PBXFrameworksBuildPhase;
			buildActionMask = 2147483647;
			files = (
			);
			runOnlyForDeploymentPostprocessing = 0;
		};
/* End PBXFrameworksBuildPhase section */

/* Begin PBXGroup section */
		C16242341BF23D89002EDAFF = {
			isa = PBXGroup;
			children = (
				C162423F1BF23D89002EDAFF /* 1 */,
				C162423E1BF23D89002EDAFF /* Products */,
			);
			sourceTree = "<group>";
		};
		C162423E1BF23D89002EDAFF /* Products */ = {
			isa = PBXGroup;
			children = (
				C162423D1BF23D89002EDAFF /* 1.app */,
			);
			name = Products;
			sourceTree = "<group>";
		};
		C162423F1BF23D89002EDAFF /* 1 */ = {
			isa = PBXGroup;
			children = (
				C16242431BF23D89002EDAFF /* AppDelegate.h */,
				C16242441BF23D89002EDAFF /* AppDelegate.m */,
				C16242461BF23D89002EDAFF /* ViewController.h */,
				C16242471BF23D89002EDAFF /* ViewController.m */,
				C16242491BF23D89002EDAFF /* Main.storyboard */,
				C162424C1BF23D89002EDAFF /* Assets.xcassets */,
				C162424E1BF23D89002EDAFF /* LaunchScreen.storyboard */,
				C16242511BF23D89002EDAFF /* Info.plist */,
				C16242401BF23D89002EDAFF /* Supporting Files */,
			);
			path = 1;
			sourceTree = "<group>";
		};
		C16242401BF23D89002EDAFF /* Supporting Files */ = {
			isa = PBXGroup;
			children = (
				C16242411BF23D89002EDAFF /* main.m */,
			);
			name = "Supporting Files";
			sourceTree = "<group>";
		};
/* End PBXGroup section */

/* Begin PBXNativeTarget section */
		C162423C1BF23D89002EDAFF /* 1 */ = {
			isa = PBXNativeTarget;
			buildConfigurationList = C16242541BF23D89002EDAFF /* Build configuration list for PBXNativeTarget "1" */;
			buildPhases = (
				C16242391BF23D89002EDAFF /* Sources */,
				C162423A1BF23D89002EDAFF /* Frameworks */,
				C162423B1BF23D89002EDAFF /* Resources */,
			);
			buildRules = (
			);
			dependencies = (
			);
			name = 1;
			productName = 1;
			productReference = C162423D1BF23D89002EDAFF /* 1.app */;
			productType = "com.apple.product-type.application";
		};
/* End PBXNativeTarget section */

/* Begin PBXProject section */
		C16242351BF23D89002EDAFF /* Project object */ = {
			isa = PBXProject;
			attributes = {
				LastUpgradeCheck = 0710;
				ORGANIZATIONNAME = VozDuh;
				TargetAttributes = {
					C162423C1BF23D89002EDAFF = {
						CreatedOnToolsVersion = 7.1;
					};
				};
			};
			buildConfigurationList = C16242381BF23D89002EDAFF /* Build configuration list for PBXProject "1" */;
			compatibilityVersion = "Xcode 3.2";
			developmentRegion = English;
			hasScannedForEncodings = 0;
			knownRegions = (
				en,
				Base,
			);
			mainGroup = C16242341BF23D89002EDAFF;
			productRefGroup = C162423E1BF23D89002EDAFF /* Products */;
			projectDirPath = "";
			projectRoot = "";
			targets = (
				C162423C1BF23D89002EDAFF /* 1 */,
			);
		};
/* End PBXProject section */

/* Begin PBXResourcesBuildPhase section */
		C162423B1BF23D89002EDAFF /* Resources */ = {
			isa = PBXResourcesBuildPhase;
			buildActionMask = 2147483647;
			files = (
				C16242501BF23D89002EDAFF /* LaunchScreen.storyboard in Resources */,
				C162424D1BF23D89002EDAFF /* Assets.xcassets in Resources */,
				C162424B1BF23D89002EDAFF /* Main.storyboard in Resources */,
			);
			runOnlyForDeploymentPostprocessing = 0;
		};
/* End PBXResourcesBuildPhase section */

/* Begin PBXSourcesBuildPhase section */
		C16242391BF23D89002EDAFF /* Sources */ = {
			isa = PBXSourcesBuildPhase;
			buildActionMask = 2147483647;
			files = (
				C16242481BF23D89002EDAFF /* ViewController.m in Sources */,
				C16242451BF23D89002EDAFF /* AppDelegate.m in Sources */,
				C16242421BF23D89002EDAFF /* main.m in Sources */,
			);
			runOnlyForDeploymentPostprocessing = 0;
		};
/* End PBXSourcesBuildPhase section */

/* Begin PBXVariantGroup section */
		C16242491BF23D89002EDAFF /* Main.storyboard */ = {
			isa = PBXVariantGroup;
			children = (
				C162424A1BF23D89002EDAFF /* Base */,
			);
			name = Main.storyboard;
			sourceTree = "<group>";
		};
		C162424E1BF23D89002EDAFF /* LaunchScreen.storyboard */ = {
			isa = PBXVariantGroup;
			children = (
				C162424F1BF23D89002EDAFF /* Base */,
			);
			name = LaunchScreen.storyboard;
			sourceTree = "<group>";
		};
/* End PBXVariantGroup section */

/* Begin XCBuildConfiguration section */
		C16242521BF23D89002EDAFF /* Debug */ = {
			isa = XCBuildConfiguration;
			buildSettings = {
				ALWAYS_SEARCH_USER_PATHS = NO;
				CLANG_CXX_LANGUAGE_STANDARD = "gnu++0x";
				CLANG_CXX_LIBRARY = "libc++";
				CLANG_ENABLE_MODULES = YES;
				CLANG_ENABLE_OBJC_ARC = YES;
				CLANG_WARN_BOOL_CONVERSION = YES;
				CLANG_WARN_CONSTANT_CONVERSION = YES;
				CLANG_WARN_DIRECT_OBJC_ISA_USAGE = YES_ERROR;
				CLANG_WARN_EMPTY_BODY = YES;
				CLANG_WARN_ENUM_CONVERSION = YES;
				CLANG_WARN_INT_CONVERSION = YES;
				CLANG_WARN_OBJC_ROOT_CLASS = YES_ERROR;
				CLANG_WARN_UNREACHABLE_CODE = YES;
				CLANG_WARN__DUPLICATE_METHOD_MATCH = YES;
				"CODE_SIGN_IDENTITY[sdk=iphoneos*]" = "iPhone Developer";
				COPY_PHASE_STRIP = NO;
				DEBUG_INFORMATION_FORMAT = dwarf;
				ENABLE_STRICT_OBJC_MSGSEND = YES;
				ENABLE_TESTABILITY = YES;
				GCC_C_LANGUAGE_STANDARD = gnu99;
				GCC_DYNAMIC_NO_PIC = NO;
				GCC_NO_COMMON_BLOCKS = YES;
				GCC_OPTIMIZATION_LEVEL = 0;
				GCC_PREPROCESSOR_DEFINITIONS = (
					"DEBUG=1",
					"$(inherited)",
				);
				GCC_WARN_64_TO_32_BIT_CONVERSION = YES;
				GCC_WARN_ABOUT_RETURN_TYPE = YES_ERROR;
				GCC_WARN_UNDECLARED_SELECTOR = YES;
				GCC_WARN_UNINITIALIZED_AUTOS = YES_AGGRESSIVE;
				GCC_WARN_UNUSED_FUNCTION = YES;
				GCC_WARN_UNUSED_VARIABLE = YES;
				IPHONEOS_DEPLOYMENT_TARGET = 9.1;
				MTL_ENABLE_DEBUG_INFO = YES;
				ONLY_ACTIVE_ARCH = YES;
				SDKROOT = iphoneos;
				TARGETED_DEVICE_FAMILY = "1,2";
			};
			name = Debug;
		};
		C16242531BF23D89002EDAFF /* Release */ = {
			isa = XCBuildConfiguration;
			buildSettings = {
				ALWAYS_SEARCH_USER_PATHS = NO;
				CLANG_CXX_LANGUAGE_STANDARD = "gnu++0x";
				CLANG_CXX_LIBRARY = "libc++";
				CLANG_ENABLE_MODULES = YES;
				CLANG_ENABLE_OBJC_ARC = YES;
				CLANG_WARN_BOOL_CONVERSION = YES;
				CLANG_WARN_CONSTANT_CONVERSION = YES;
				CLANG_WARN_DIRECT_OBJC_ISA_USAGE = YES_ERROR;
				CLANG_WARN_EMPTY_BODY = YES;
				CLANG_WARN_ENUM_CONVERSION = YES;
				CLANG_WARN_INT_CONVERSION = YES;
				CLANG_WARN_OBJC_ROOT_CLASS = YES_ERROR;
				CLANG_WARN_UNREACHABLE_CODE = YES;
				CLANG_WARN__DUPLICATE_METHOD_MATCH = YES;
				"CODE_SIGN_IDENTITY[sdk=iphoneos*]" = "iPhone Developer";
				COPY_PHASE_STRIP = NO;
				DEBUG_INFORMATION_FORMAT = "dwarf-with-dsym";
				ENABLE_NS_ASSERTIONS = NO;
				ENABLE_STRICT_OBJC_MSGSEND = YES;
				GCC_C_LANGUAGE_STANDARD = gnu99;
				GCC_NO_COMMON_BLOCKS = YES;
				GCC_WARN_64_TO_32_BIT_CONVERSION = YES;
				GCC_WARN_ABOUT_RETURN_TYPE = YES_ERROR;
				GCC_WARN_UNDECLARED_SELECTOR = YES;
				GCC_WARN_UNINITIALIZED_AUTOS = YES_AGGRESSIVE;
				GCC_WARN_UNUSED_FUNCTION = YES;
				GCC_WARN_UNUSED_VARIABLE = YES;
				IPHONEOS_DEPLOYMENT_TARGET = 9.1;
				MTL_ENABLE_DEBUG_INFO = NO;
				SDKROOT = iphoneos;
				TARGETED_DEVICE_FAMILY = "1,2";
				VALIDATE_PRODUCT = YES;
			};
			name = Release;
		};
		C16242551BF23D89002EDAFF /* Debug */ = {
			isa = XCBuildConfiguration;
			buildSettings = {
				ASSETCATALOG_COMPILER_APPICON_NAME = AppIcon;
				INFOPLIST_FILE = 1/Info.plist;
				LD_RUNPATH_SEARCH_PATHS = "$(inherited) @executable_path/Frameworks";
				PRODUCT_BUNDLE_IDENTIFIER = "VozDuh.-";
				PRODUCT_NAME = "$(TARGET_NAME)";
			};
			name = Debug;
		};
		C16242561BF23D89002EDAFF /* Release */ = {
			isa = XCBuildConfiguration;
			buildSettings = {
				ASSETCATALOG_COMPILER_APPICON_NAME = AppIcon;
				INFOPLIST_FILE = 1/Info.plist;
				LD_RUNPATH_SEARCH_PATHS = "$(inherited) @executable_path/Frameworks";
				PRODUCT_BUNDLE_IDENTIFIER = "VozDuh.-";
				PRODUCT_NAME = "$(TARGET_NAME)";
			};
			name = Release;
		};
/* End XCBuildConfiguration section */

/* Begin XCConfigurationList section */
		C16242381BF23D89002EDAFF /* Build configuration list for PBXProject "1" */ = {
			isa = XCConfigurationList;
			buildConfigurations = (
				C16242521BF23D89002EDAFF /* Debug */,
				C16242531BF23D89002EDAFF /* Release */,
			);
			defaultConfigurationIsVisible = 0;
			defaultConfigurationName = Release;
		};
		C16242541BF23D89002EDAFF /* Build configuration list for PBXNativeTarget "1" */ = {
			isa = XCConfigurationList;
			buildConfigurations = (
				C16242551BF23D89002EDAFF /* Debug */,
				C16242561BF23D89002EDAFF /* Release */,
			);
			defaultConfigurationIsVisible = 0;
		};
/* End XCConfigurationList section */
	};
	rootObject = C16242351BF23D89002EDAFF /* Project object */;
}
